// !$*UTF8*$!
{
	archiveVersion = 1;
	classes = {
	};
	objectVersion = 55;
	objects = {

/* Begin PBXBuildFile section */
		18C102E628EB1C5000D99CBA /* AppDelegate.swift in Sources */ = {isa = PBXBuildFile; fileRef = 18C102E528EB1C5000D99CBA /* AppDelegate.swift */; };
		18C102E828EB1C5000D99CBA /* SceneDelegate.swift in Sources */ = {isa = PBXBuildFile; fileRef = 18C102E728EB1C5000D99CBA /* SceneDelegate.swift */; };
		18C102EA28EB1C5000D99CBA /* ViewController.swift in Sources */ = {isa = PBXBuildFile; fileRef = 18C102E928EB1C5000D99CBA /* ViewController.swift */; };
		18C102ED28EB1C5000D99CBA /* Main.storyboard in Resources */ = {isa = PBXBuildFile; fileRef = 18C102EB28EB1C5000D99CBA /* Main.storyboard */; };
		18C102EF28EB1C5100D99CBA /* Assets.xcassets in Resources */ = {isa = PBXBuildFile; fileRef = 18C102EE28EB1C5100D99CBA /* Assets.xcassets */; };
		18C102F228EB1C5100D99CBA /* LaunchScreen.storyboard in Resources */ = {isa = PBXBuildFile; fileRef = 18C102F028EB1C5100D99CBA /* LaunchScreen.storyboard */; };
		18C102FD28EB1C5100D99CBA /* hello_worldTests.swift in Sources */ = {isa = PBXBuildFile; fileRef = 18C102FC28EB1C5100D99CBA /* hello_worldTests.swift */; };
		18C1030728EB1C5100D99CBA /* hello_worldUITests.swift in Sources */ = {isa = PBXBuildFile; fileRef = 18C1030628EB1C5100D99CBA /* hello_worldUITests.swift */; };
		18C1030928EB1C5100D99CBA /* hello_worldUITestsLaunchTests.swift in Sources */ = {isa = PBXBuildFile; fileRef = 18C1030828EB1C5100D99CBA /* hello_worldUITestsLaunchTests.swift */; };
/* End PBXBuildFile section */

/* Begin PBXContainerItemProxy section */
		18C102F928EB1C5100D99CBA /* PBXContainerItemProxy */ = {
			isa = PBXContainerItemProxy;
			containerPortal = 18C102DA28EB1C5000D99CBA /* Project object */;
			proxyType = 1;
			remoteGlobalIDString = 18C102E128EB1C5000D99CBA;
			remoteInfo = "hello world";
		};
		18C1030328EB1C5100D99CBA /* PBXContainerItemProxy */ = {
			isa = PBXContainerItemProxy;
			containerPortal = 18C102DA28EB1C5000D99CBA /* Project object */;
			proxyType = 1;
			remoteGlobalIDString = 18C102E128EB1C5000D99CBA;
			remoteInfo = "hello world";
		};
/* End PBXContainerItemProxy section */

/* Begin PBXFileReference section */
		18C102E228EB1C5000D99CBA /* hello world.app */ = {isa = PBXFileReference; explicitFileType = wrapper.application; includeInIndex = 0; path = "hello world.app"; sourceTree = BUILT_PRODUCTS_DIR; };
		18C102E528EB1C5000D99CBA /* AppDelegate.swift */ = {isa = PBXFileReference; lastKnownFileType = sourcecode.swift; path = AppDelegate.swift; sourceTree = "<group>"; };
		18C102E728EB1C5000D99CBA /* SceneDelegate.swift */ = {isa = PBXFileReference; lastKnownFileType = sourcecode.swift; path = SceneDelegate.swift; sourceTree = "<group>"; };
		18C102E928EB1C5000D99CBA /* ViewController.swift */ = {isa = PBXFileReference; lastKnownFileType = sourcecode.swift; path = ViewController.swift; sourceTree = "<group>"; };
		18C102EC28EB1C5000D99CBA /* Base */ = {isa = PBXFileReference; lastKnownFileType = file.storyboard; name = Base; path = Base.lproj/Main.storyboard; sourceTree = "<group>"; };
		18C102EE28EB1C5100D99CBA /* Assets.xcassets */ = {isa = PBXFileReference; lastKnownFileType = folder.assetcatalog; path = Assets.xcassets; sourceTree = "<group>"; };
		18C102F128EB1C5100D99CBA /* Base */ = {isa = PBXFileReference; lastKnownFileType = file.storyboard; name = Base; path = Base.lproj/LaunchScreen.storyboard; sourceTree = "<group>"; };
		18C102F328EB1C5100D99CBA /* Info.plist */ = {isa = PBXFileReference; lastKnownFileType = text.plist.xml; path = Info.plist; sourceTree = "<group>"; };
		18C102F828EB1C5100D99CBA /* hello worldTests.xctest */ = {isa = PBXFileReference; explicitFileType = wrapper.cfbundle; includeInIndex = 0; path = "hello worldTests.xctest"; sourceTree = BUILT_PRODUCTS_DIR; };
		18C102FC28EB1C5100D99CBA /* hello_worldTests.swift */ = {isa = PBXFileReference; lastKnownFileType = sourcecode.swift; path = hello_worldTests.swift; sourceTree = "<group>"; };
		18C1030228EB1C5100D99CBA /* hello worldUITests.xctest */ = {isa = PBXFileReference; explicitFileType = wrapper.cfbundle; includeInIndex = 0; path = "hello worldUITests.xctest"; sourceTree = BUILT_PRODUCTS_DIR; };
		18C1030628EB1C5100D99CBA /* hello_worldUITests.swift */ = {isa = PBXFileReference; lastKnownFileType = sourcecode.swift; path = hello_worldUITests.swift; sourceTree = "<group>"; };
		18C1030828EB1C5100D99CBA /* hello_worldUITestsLaunchTests.swift */ = {isa = PBXFileReference; lastKnownFileType = sourcecode.swift; path = hello_worldUITestsLaunchTests.swift; sourceTree = "<group>"; };
/* End PBXFileReference section */

/* Begin PBXFrameworksBuildPhase section */
		18C102DF28EB1C5000D99CBA /* Frameworks */ = {
			isa = PBXFrameworksBuildPhase;
			buildActionMask = 2147483647;
			files = (
			);
			runOnlyForDeploymentPostprocessing = 0;
		};
		18C102F528EB1C5100D99CBA /* Frameworks */ = {
			isa = PBXFrameworksBuildPhase;
			buildActionMask = 2147483647;
			files = (
			);
			runOnlyForDeploymentPostprocessing = 0;
		};
		18C102FF28EB1C5100D99CBA /* Frameworks */ = {
			isa = PBXFrameworksBuildPhase;
			buildActionMask = 2147483647;
			files = (
			);
			runOnlyForDeploymentPostprocessing = 0;
		};
/* End PBXFrameworksBuildPhase section */

/* Begin PBXGroup section */
		18C102D928EB1C5000D99CBA = {
			isa = PBXGroup;
			children = (
				18C102E428EB1C5000D99CBA /* hello world */,
				18C102FB28EB1C5100D99CBA /* hello worldTests */,
				18C1030528EB1C5100D99CBA /* hello worldUITests */,
				18C102E328EB1C5000D99CBA /* Products */,
			);
			sourceTree = "<group>";
		};
		18C102E328EB1C5000D99CBA /* Products */ = {
			isa = PBXGroup;
			children = (
				18C102E228EB1C5000D99CBA /* hello world.app */,
				18C102F828EB1C5100D99CBA /* hello worldTests.xctest */,
				18C1030228EB1C5100D99CBA /* hello worldUITests.xctest */,
			);
			name = Products;
			sourceTree = "<group>";
		};
		18C102E428EB1C5000D99CBA /* hello world */ = {
			isa = PBXGroup;
			children = (
				18C102E528EB1C5000D99CBA /* AppDelegate.swift */,
				18C102E728EB1C5000D99CBA /* SceneDelegate.swift */,
				18C102E928EB1C5000D99CBA /* ViewController.swift */,
				18C102EB28EB1C5000D99CBA /* Main.storyboard */,
				18C102EE28EB1C5100D99CBA /* Assets.xcassets */,
				18C102F028EB1C5100D99CBA /* LaunchScreen.storyboard */,
				18C102F328EB1C5100D99CBA /* Info.plist */,
			);
			path = "hello world";
			sourceTree = "<group>";
		};
		18C102FB28EB1C5100D99CBA /* hello worldTests */ = {
			isa = PBXGroup;
			children = (
				18C102FC28EB1C5100D99CBA /* hello_worldTests.swift */,
			);
			path = "hello worldTests";
			sourceTree = "<group>";
		};
		18C1030528EB1C5100D99CBA /* hello worldUITests */ = {
			isa = PBXGroup;
			children = (
				18C1030628EB1C5100D99CBA /* hello_worldUITests.swift */,
				18C1030828EB1C5100D99CBA /* hello_worldUITestsLaunchTests.swift */,
			);
			path = "hello worldUITests";
			sourceTree = "<group>";
		};
/* End PBXGroup section */

/* Begin PBXNativeTarget section */
		18C102E128EB1C5000D99CBA /* hello world */ = {
			isa = PBXNativeTarget;
			buildConfigurationList = 18C1030C28EB1C5100D99CBA /* Build configuration list for PBXNativeTarget "hello world" */;
			buildPhases = (
				18C102DE28EB1C5000D99CBA /* Sources */,
				18C102DF28EB1C5000D99CBA /* Frameworks */,
				18C102E028EB1C5000D99CBA /* Resources */,
			);
			buildRules = (
			);
			dependencies = (
			);
			name = "hello world";
			productName = "hello world";
			productReference = 18C102E228EB1C5000D99CBA /* hello world.app */;
			productType = "com.apple.product-type.application";
		};
		18C102F728EB1C5100D99CBA /* hello worldTests */ = {
			isa = PBXNativeTarget;
			buildConfigurationList = 18C1030F28EB1C5100D99CBA /* Build configuration list for PBXNativeTarget "hello worldTests" */;
			buildPhases = (
				18C102F428EB1C5100D99CBA /* Sources */,
				18C102F528EB1C5100D99CBA /* Frameworks */,
				18C102F628EB1C5100D99CBA /* Resources */,
			);
			buildRules = (
			);
			dependencies = (
				18C102FA28EB1C5100D99CBA /* PBXTargetDependency */,
			);
			name = "hello worldTests";
			productName = "hello worldTests";
			productReference = 18C102F828EB1C5100D99CBA /* hello worldTests.xctest */;
			productType = "com.apple.product-type.bundle.unit-test";
		};
		18C1030128EB1C5100D99CBA /* hello worldUITests */ = {
			isa = PBXNativeTarget;
			buildConfigurationList = 18C1031228EB1C5100D99CBA /* Build configuration list for PBXNativeTarget "hello worldUITests" */;
			buildPhases = (
				18C102FE28EB1C5100D99CBA /* Sources */,
				18C102FF28EB1C5100D99CBA /* Frameworks */,
				18C1030028EB1C5100D99CBA /* Resources */,
			);
			buildRules = (
			);
			dependencies = (
				18C1030428EB1C5100D99CBA /* PBXTargetDependency */,
			);
			name = "hello worldUITests";
			productName = "hello worldUITests";
			productReference = 18C1030228EB1C5100D99CBA /* hello worldUITests.xctest */;
			productType = "com.apple.product-type.bundle.ui-testing";
		};
/* End PBXNativeTarget section */

/* Begin PBXProject section */
		18C102DA28EB1C5000D99CBA /* Project object */ = {
			isa = PBXProject;
			attributes = {
				BuildIndependentTargetsInParallel = 1;
				LastSwiftUpdateCheck = 1340;
				LastUpgradeCheck = 1340;
				TargetAttributes = {
					18C102E128EB1C5000D99CBA = {
						CreatedOnToolsVersion = 13.4.1;
					};
					18C102F728EB1C5100D99CBA = {
						CreatedOnToolsVersion = 13.4.1;
						TestTargetID = 18C102E128EB1C5000D99CBA;
					};
					18C1030128EB1C5100D99CBA = {
						CreatedOnToolsVersion = 13.4.1;
						TestTargetID = 18C102E128EB1C5000D99CBA;
					};
				};
			};
			buildConfigurationList = 18C102DD28EB1C5000D99CBA /* Build configuration list for PBXProject "hello world" */;
			compatibilityVersion = "Xcode 13.0";
			developmentRegion = en;
			hasScannedForEncodings = 0;
			knownRegions = (
				en,
				Base,
			);
			mainGroup = 18C102D928EB1C5000D99CBA;
			productRefGroup = 18C102E328EB1C5000D99CBA /* Products */;
			projectDirPath = "";
			projectRoot = "";
			targets = (
				18C102E128EB1C5000D99CBA /* hello world */,
				18C102F728EB1C5100D99CBA /* hello worldTests */,
				18C1030128EB1C5100D99CBA /* hello worldUITests */,
			);
		};
/* End PBXProject section */

/* Begin PBXResourcesBuildPhase section */
		18C102E028EB1C5000D99CBA /* Resources */ = {
			isa = PBXResourcesBuildPhase;
			buildActionMask = 2147483647;
			files = (
				18C102F228EB1C5100D99CBA /* LaunchScreen.storyboard in Resources */,
				18C102EF28EB1C5100D99CBA /* Assets.xcassets in Resources */,
				18C102ED28EB1C5000D99CBA /* Main.storyboard in Resources */,
			);
			runOnlyForDeploymentPostprocessing = 0;
		};
		18C102F628EB1C5100D99CBA /* Resources */ = {
			isa = PBXResourcesBuildPhase;
			buildActionMask = 2147483647;
			files = (
			);
			runOnlyForDeploymentPostprocessing = 0;
		};
		18C1030028EB1C5100D99CBA /* Resources */ = {
			isa = PBXResourcesBuildPhase;
			buildActionMask = 2147483647;
			files = (
			);
			runOnlyForDeploymentPostprocessing = 0;
		};
/* End PBXResourcesBuildPhase section */

/* Begin PBXSourcesBuildPhase section */
		18C102DE28EB1C5000D99CBA /* Sources */ = {
			isa = PBXSourcesBuildPhase;
			buildActionMask = 2147483647;
			files = (
				18C102EA28EB1C5000D99CBA /* ViewController.swift in Sources */,
				18C102E628EB1C5000D99CBA /* AppDelegate.swift in Sources */,
				18C102E828EB1C5000D99CBA /* SceneDelegate.swift in Sources */,
			);
			runOnlyForDeploymentPostprocessing = 0;
		};
		18C102F428EB1C5100D99CBA /* Sources */ = {
			isa = PBXSourcesBuildPhase;
			buildActionMask = 2147483647;
			files = (
				18C102FD28EB1C5100D99CBA /* hello_worldTests.swift in Sources */,
			);
			runOnlyForDeploymentPostprocessing = 0;
		};
		18C102FE28EB1C5100D99CBA /* Sources */ = {
			isa = PBXSourcesBuildPhase;
			buildActionMask = 2147483647;
			files = (
				18C1030928EB1C5100D99CBA /* hello_worldUITestsLaunchTests.swift in Sources */,
				18C1030728EB1C5100D99CBA /* hello_worldUITests.swift in Sources */,
			);
			runOnlyForDeploymentPostprocessing = 0;
		};
/* End PBXSourcesBuildPhase section */

/* Begin PBXTargetDependency section */
		18C102FA28EB1C5100D99CBA /* PBXTargetDependency */ = {
			isa = PBXTargetDependency;
			target = 18C102E128EB1C5000D99CBA /* hello world */;
			targetProxy = 18C102F928EB1C5100D99CBA /* PBXContainerItemProxy */;
		};
		18C1030428EB1C5100D99CBA /* PBXTargetDependency */ = {
			isa = PBXTargetDependency;
			target = 18C102E128EB1C5000D99CBA /* hello world */;
			targetProxy = 18C1030328EB1C5100D99CBA /* PBXContainerItemProxy */;
		};
/* End PBXTargetDependency section */

/* Begin PBXVariantGroup section */
		18C102EB28EB1C5000D99CBA /* Main.storyboard */ = {
			isa = PBXVariantGroup;
			children = (
				18C102EC28EB1C5000D99CBA /* Base */,
			);
			name = Main.storyboard;
			sourceTree = "<group>";
		};
		18C102F028EB1C5100D99CBA /* LaunchScreen.storyboard */ = {
			isa = PBXVariantGroup;
			children = (
				18C102F128EB1C5100D99CBA /* Base */,
			);
			name = LaunchScreen.storyboard;
			sourceTree = "<group>";
		};
/* End PBXVariantGroup section */

/* Begin XCBuildConfiguration section */
		18C1030A28EB1C5100D99CBA /* Debug */ = {
			isa = XCBuildConfiguration;
			buildSettings = {
				ALWAYS_SEARCH_USER_PATHS = NO;
				CLANG_ANALYZER_NONNULL = YES;
				CLANG_ANALYZER_NUMBER_OBJECT_CONVERSION = YES_AGGRESSIVE;
				CLANG_CXX_LANGUAGE_STANDARD = "gnu++17";
				CLANG_ENABLE_MODULES = YES;
				CLANG_ENABLE_OBJC_ARC = YES;
				CLANG_ENABLE_OBJC_WEAK = YES;
				CLANG_WARN_BLOCK_CAPTURE_AUTORELEASING = YES;
				CLANG_WARN_BOOL_CONVERSION = YES;
				CLANG_WARN_COMMA = YES;
				CLANG_WARN_CONSTANT_CONVERSION = YES;
				CLANG_WARN_DEPRECATED_OBJC_IMPLEMENTATIONS = YES;
				CLANG_WARN_DIRECT_OBJC_ISA_USAGE = YES_ERROR;
				CLANG_WARN_DOCUMENTATION_COMMENTS = YES;
				CLANG_WARN_EMPTY_BODY = YES;
				CLANG_WARN_ENUM_CONVERSION = YES;
				CLANG_WARN_INFINITE_RECURSION = YES;
				CLANG_WARN_INT_CONVERSION = YES;
				CLANG_WARN_NON_LITERAL_NULL_CONVERSION = YES;
				CLANG_WARN_OBJC_IMPLICIT_RETAIN_SELF = YES;
				CLANG_WARN_OBJC_LITERAL_CONVERSION = YES;
				CLANG_WARN_OBJC_ROOT_CLASS = YES_ERROR;
				CLANG_WARN_QUOTED_INCLUDE_IN_FRAMEWORK_HEADER = YES;
				CLANG_WARN_RANGE_LOOP_ANALYSIS = YES;
				CLANG_WARN_STRICT_PROTOTYPES = YES;
				CLANG_WARN_SUSPICIOUS_MOVE = YES;
				CLANG_WARN_UNGUARDED_AVAILABILITY = YES_AGGRESSIVE;
				CLANG_WARN_UNREACHABLE_CODE = YES;
				CLANG_WARN__DUPLICATE_METHOD_MATCH = YES;
				COPY_PHASE_STRIP = NO;
				DEBUG_INFORMATION_FORMAT = dwarf;
				ENABLE_STRICT_OBJC_MSGSEND = YES;
				ENABLE_TESTABILITY = YES;
				GCC_C_LANGUAGE_STANDARD = gnu11;
				GCC_DYNAMIC_NO_PIC = NO;
				GCC_NO_COMMON_BLOCKS = YES;
				GCC_OPTIMIZATION_LEVEL = 0;
				GCC_PREPROCESSOR_DEFINITIONS = (
					"DEBUG=1",
					"$(inherited)",
				);
				GCC_WARN_64_TO_32_BIT_CONVERSION = YES;
				GCC_WARN_ABOUT_RETURN_TYPE = YES_ERROR;
				GCC_WARN_UNDECLARED_SELECTOR = YES;
				GCC_WARN_UNINITIALIZED_AUTOS = YES_AGGRESSIVE;
				GCC_WARN_UNUSED_FUNCTION = YES;
				GCC_WARN_UNUSED_VARIABLE = YES;
				IPHONEOS_DEPLOYMENT_TARGET = 15.5;
				MTL_ENABLE_DEBUG_INFO = INCLUDE_SOURCE;
				MTL_FAST_MATH = YES;
				ONLY_ACTIVE_ARCH = YES;
				SDKROOT = iphoneos;
				SWIFT_ACTIVE_COMPILATION_CONDITIONS = DEBUG;
				SWIFT_OPTIMIZATION_LEVEL = "-Onone";
			};
			name = Debug;
		};
		18C1030B28EB1C5100D99CBA /* Release */ = {
			isa = XCBuildConfiguration;
			buildSettings = {
				ALWAYS_SEARCH_USER_PATHS = NO;
				CLANG_ANALYZER_NONNULL = YES;
				CLANG_ANALYZER_NUMBER_OBJECT_CONVERSION = YES_AGGRESSIVE;
				CLANG_CXX_LANGUAGE_STANDARD = "gnu++17";
				CLANG_ENABLE_MODULES = YES;
				CLANG_ENABLE_OBJC_ARC = YES;
				CLANG_ENABLE_OBJC_WEAK = YES;
				CLANG_WARN_BLOCK_CAPTURE_AUTORELEASING = YES;
				CLANG_WARN_BOOL_CONVERSION = YES;
				CLANG_WARN_COMMA = YES;
				CLANG_WARN_CONSTANT_CONVERSION = YES;
				CLANG_WARN_DEPRECATED_OBJC_IMPLEMENTATIONS = YES;
				CLANG_WARN_DIRECT_OBJC_ISA_USAGE = YES_ERROR;
				CLANG_WARN_DOCUMENTATION_COMMENTS = YES;
				CLANG_WARN_EMPTY_BODY = YES;
				CLANG_WARN_ENUM_CONVERSION = YES;
				CLANG_WARN_INFINITE_RECURSION = YES;
				CLANG_WARN_INT_CONVERSION = YES;
				CLANG_WARN_NON_LITERAL_NULL_CONVERSION = YES;
				CLANG_WARN_OBJC_IMPLICIT_RETAIN_SELF = YES;
				CLANG_WARN_OBJC_LITERAL_CONVERSION = YES;
				CLANG_WARN_OBJC_ROOT_CLASS = YES_ERROR;
				CLANG_WARN_QUOTED_INCLUDE_IN_FRAMEWORK_HEADER = YES;
				CLANG_WARN_RANGE_LOOP_ANALYSIS = YES;
				CLANG_WARN_STRICT_PROTOTYPES = YES;
				CLANG_WARN_SUSPICIOUS_MOVE = YES;
				CLANG_WARN_UNGUARDED_AVAILABILITY = YES_AGGRESSIVE;
				CLANG_WARN_UNREACHABLE_CODE = YES;
				CLANG_WARN__DUPLICATE_METHOD_MATCH = YES;
				COPY_PHASE_STRIP = NO;
				DEBUG_INFORMATION_FORMAT = "dwarf-with-dsym";
				ENABLE_NS_ASSERTIONS = NO;
				ENABLE_STRICT_OBJC_MSGSEND = YES;
				GCC_C_LANGUAGE_STANDARD = gnu11;
				GCC_NO_COMMON_BLOCKS = YES;
				GCC_WARN_64_TO_32_BIT_CONVERSION = YES;
				GCC_WARN_ABOUT_RETURN_TYPE = YES_ERROR;
				GCC_WARN_UNDECLARED_SELECTOR = YES;
				GCC_WARN_UNINITIALIZED_AUTOS = YES_AGGRESSIVE;
				GCC_WARN_UNUSED_FUNCTION = YES;
				GCC_WARN_UNUSED_VARIABLE = YES;
				IPHONEOS_DEPLOYMENT_TARGET = 15.5;
				MTL_ENABLE_DEBUG_INFO = NO;
				MTL_FAST_MATH = YES;
				SDKROOT = iphoneos;
				SWIFT_COMPILATION_MODE = wholemodule;
				SWIFT_OPTIMIZATION_LEVEL = "-O";
				VALIDATE_PRODUCT = YES;
			};
			name = Release;
		};
		18C1030D28EB1C5100D99CBA /* Debug */ = {
			isa = XCBuildConfiguration;
			buildSettings = {
				ASSETCATALOG_COMPILER_APPICON_NAME = AppIcon;
				ASSETCATALOG_COMPILER_GLOBAL_ACCENT_COLOR_NAME = AccentColor;
				CODE_SIGN_STYLE = Automatic;
				CURRENT_PROJECT_VERSION = 1;
				DEVELOPMENT_TEAM = A6HK96MN25;
				GENERATE_INFOPLIST_FILE = YES;
				INFOPLIST_FILE = "hello world/Info.plist";
				INFOPLIST_KEY_UIApplicationSupportsIndirectInputEvents = YES;
				INFOPLIST_KEY_UILaunchStoryboardName = LaunchScreen;
				INFOPLIST_KEY_UIMainStoryboardFile = Main;
				INFOPLIST_KEY_UISupportedInterfaceOrientations_iPad = "UIInterfaceOrientationPortrait UIInterfaceOrientationPortraitUpsideDown UIInterfaceOrientationLandscapeLeft UIInterfaceOrientationLandscapeRight";
				INFOPLIST_KEY_UISupportedInterfaceOrientations_iPhone = "UIInterfaceOrientationPortrait UIInterfaceOrientationLandscapeLeft UIInterfaceOrientationLandscapeRight";
				LD_RUNPATH_SEARCH_PATHS = (
					"$(inherited)",
					"@executable_path/Frameworks",
				);
				MARKETING_VERSION = 1.0;
				PRODUCT_BUNDLE_IDENTIFIER = "org.d127.261126.hello-world";
				PRODUCT_NAME = "$(TARGET_NAME)";
				SWIFT_EMIT_LOC_STRINGS = YES;
				SWIFT_VERSION = 5.0;
				TARGETED_DEVICE_FAMILY = "1,2";
			};
			name = Debug;
		};
		18C1030E28EB1C5100D99CBA /* Release */ = {
			isa = XCBuildConfiguration;
			buildSettings = {
				ASSETCATALOG_COMPILER_APPICON_NAME = AppIcon;
				ASSETCATALOG_COMPILER_GLOBAL_ACCENT_COLOR_NAME = AccentColor;
				CODE_SIGN_STYLE = Automatic;
				CURRENT_PROJECT_VERSION = 1;
				DEVELOPMENT_TEAM = A6HK96MN25;
				GENERATE_INFOPLIST_FILE = YES;
				INFOPLIST_FILE = "hello world/Info.plist";
				INFOPLIST_KEY_UIApplicationSupportsIndirectInputEvents = YES;
				INFOPLIST_KEY_UILaunchStoryboardName = LaunchScreen;
				INFOPLIST_KEY_UIMainStoryboardFile = Main;
				INFOPLIST_KEY_UISupportedInterfaceOrientations_iPad = "UIInterfaceOrientationPortrait UIInterfaceOrientationPortraitUpsideDown UIInterfaceOrientationLandscapeLeft UIInterfaceOrientationLandscapeRight";
				INFOPLIST_KEY_UISupportedInterfaceOrientations_iPhone = "UIInterfaceOrientationPortrait UIInterfaceOrientationLandscapeLeft UIInterfaceOrientationLandscapeRight";
				LD_RUNPATH_SEARCH_PATHS = (
					"$(inherited)",
					"@executable_path/Frameworks",
				);
				MARKETING_VERSION = 1.0;
				PRODUCT_BUNDLE_IDENTIFIER = "org.d127.261126.hello-world";
				PRODUCT_NAME = "$(TARGET_NAME)";
				SWIFT_EMIT_LOC_STRINGS = YES;
				SWIFT_VERSION = 5.0;
				TARGETED_DEVICE_FAMILY = "1,2";
			};
			name = Release;
		};
		18C1031028EB1C5100D99CBA /* Debug */ = {
			isa = XCBuildConfiguration;
			buildSettings = {
				ALWAYS_EMBED_SWIFT_STANDARD_LIBRARIES = YES;
				BUNDLE_LOADER = "$(TEST_HOST)";
				CODE_SIGN_STYLE = Automatic;
				CURRENT_PROJECT_VERSION = 1;
				DEVELOPMENT_TEAM = A6HK96MN25;
				GENERATE_INFOPLIST_FILE = YES;
				IPHONEOS_DEPLOYMENT_TARGET = 15.5;
				MARKETING_VERSION = 1.0;
				PRODUCT_BUNDLE_IDENTIFIER = "org.d127.261126.hello-worldTests";
				PRODUCT_NAME = "$(TARGET_NAME)";
				SWIFT_EMIT_LOC_STRINGS = NO;
				SWIFT_VERSION = 5.0;
				TARGETED_DEVICE_FAMILY = "1,2";
				TEST_HOST = "$(BUILT_PRODUCTS_DIR)/hello world.app/hello world";
			};
			name = Debug;
		};
		18C1031128EB1C5100D99CBA /* Release */ = {
			isa = XCBuildConfiguration;
			buildSettings = {
				ALWAYS_EMBED_SWIFT_STANDARD_LIBRARIES = YES;
				BUNDLE_LOADER = "$(TEST_HOST)";
				CODE_SIGN_STYLE = Automatic;
				CURRENT_PROJECT_VERSION = 1;
				DEVELOPMENT_TEAM = A6HK96MN25;
				GENERATE_INFOPLIST_FILE = YES;
				IPHONEOS_DEPLOYMENT_TARGET = 15.5;
				MARKETING_VERSION = 1.0;
				PRODUCT_BUNDLE_IDENTIFIER = "org.d127.261126.hello-worldTests";
				PRODUCT_NAME = "$(TARGET_NAME)";
				SWIFT_EMIT_LOC_STRINGS = NO;
				SWIFT_VERSION = 5.0;
				TARGETED_DEVICE_FAMILY = "1,2";
				TEST_HOST = "$(BUILT_PRODUCTS_DIR)/hello world.app/hello world";
			};
			name = Release;
		};
		18C1031328EB1C5100D99CBA /* Debug */ = {
			isa = XCBuildConfiguration;
			buildSettings = {
				ALWAYS_EMBED_SWIFT_STANDARD_LIBRARIES = YES;
				CODE_SIGN_STYLE = Automatic;
				CURRENT_PROJECT_VERSION = 1;
				DEVELOPMENT_TEAM = A6HK96MN25;
				GENERATE_INFOPLIST_FILE = YES;
				MARKETING_VERSION = 1.0;
				PRODUCT_BUNDLE_IDENTIFIER = "org.d127.261126.hello-worldUITests";
				PRODUCT_NAME = "$(TARGET_NAME)";
				SWIFT_EMIT_LOC_STRINGS = NO;
				SWIFT_VERSION = 5.0;
				TARGETED_DEVICE_FAMILY = "1,2";
				TEST_TARGET_NAME = "hello world";
			};
			name = Debug;
		};
		18C1031428EB1C5100D99CBA /* Release */ = {
			isa = XCBuildConfiguration;
			buildSettings = {
				ALWAYS_EMBED_SWIFT_STANDARD_LIBRARIES = YES;
				CODE_SIGN_STYLE = Automatic;
				CURRENT_PROJECT_VERSION = 1;
				DEVELOPMENT_TEAM = A6HK96MN25;
				GENERATE_INFOPLIST_FILE = YES;
				MARKETING_VERSION = 1.0;
				PRODUCT_BUNDLE_IDENTIFIER = "org.d127.261126.hello-worldUITests";
				PRODUCT_NAME = "$(TARGET_NAME)";
				SWIFT_EMIT_LOC_STRINGS = NO;
				SWIFT_VERSION = 5.0;
				TARGETED_DEVICE_FAMILY = "1,2";
				TEST_TARGET_NAME = "hello world";
			};
			name = Release;
		};
/* End XCBuildConfiguration section */

/* Begin XCConfigurationList section */
		18C102DD28EB1C5000D99CBA /* Build configuration list for PBXProject "hello world" */ = {
			isa = XCConfigurationList;
			buildConfigurations = (
				18C1030A28EB1C5100D99CBA /* Debug */,
				18C1030B28EB1C5100D99CBA /* Release */,
			);
			defaultConfigurationIsVisible = 0;
			defaultConfigurationName = Release;
		};
		18C1030C28EB1C5100D99CBA /* Build configuration list for PBXNativeTarget "hello world" */ = {
			isa = XCConfigurationList;
			buildConfigurations = (
				18C1030D28EB1C5100D99CBA /* Debug */,
				18C1030E28EB1C5100D99CBA /* Release */,
			);
			defaultConfigurationIsVisible = 0;
			defaultConfigurationName = Release;
		};
		18C1030F28EB1C5100D99CBA /* Build configuration list for PBXNativeTarget "hello worldTests" */ = {
			isa = XCConfigurationList;
			buildConfigurations = (
				18C1031028EB1C5100D99CBA /* Debug */,
				18C1031128EB1C5100D99CBA /* Release */,
			);
			defaultConfigurationIsVisible = 0;
			defaultConfigurationName = Release;
		};
		18C1031228EB1C5100D99CBA /* Build configuration list for PBXNativeTarget "hello worldUITests" */ = {
			isa = XCConfigurationList;
			buildConfigurations = (
				18C1031328EB1C5100D99CBA /* Debug */,
				18C1031428EB1C5100D99CBA /* Release */,
			);
			defaultConfigurationIsVisible = 0;
			defaultConfigurationName = Release;
		};
/* End XCConfigurationList section */
	};
	rootObject = 18C102DA28EB1C5000D99CBA /* Project object */;
}
